// !$*UTF8*$!
{
	archiveVersion = 1;
	classes = {
	};
	objectVersion = 56;
	objects = {

/* Begin PBXBuildFile section */
		BFECBF692AC9A4CA000F87E4 /* CyberpunkView.swift in Sources */ = {isa = PBXBuildFile; fileRef = BFECBF682AC9A4CA000F87E4 /* CyberpunkView.swift */; };
		BFF64CBA2AAEFB0F00D72768 /* mobilenet_v3_appApp.swift in Sources */ = {isa = PBXBuildFile; fileRef = BFF64CB92AAEFB0F00D72768 /* mobilenet_v3_appApp.swift */; };
		BFF64CBC2AAEFB0F00D72768 /* ContentView.swift in Sources */ = {isa = PBXBuildFile; fileRef = BFF64CBB2AAEFB0F00D72768 /* ContentView.swift */; };
		BFF64CBE2AAEFB1100D72768 /* Assets.xcassets in Resources */ = {isa = PBXBuildFile; fileRef = BFF64CBD2AAEFB1100D72768 /* Assets.xcassets */; };
		BFF64CC12AAEFB1100D72768 /* Preview Assets.xcassets in Resources */ = {isa = PBXBuildFile; fileRef = BFF64CC02AAEFB1100D72768 /* Preview Assets.xcassets */; };
		BFF64CC82AAEFF2300D72768 /* Camera.swift in Sources */ = {isa = PBXBuildFile; fileRef = BFF64CC72AAEFF2300D72768 /* Camera.swift */; };
		BFF64CCA2AAEFF8800D72768 /* Engine.swift in Sources */ = {isa = PBXBuildFile; fileRef = BFF64CC92AAEFF8800D72768 /* Engine.swift */; };
		BFF64CCE2AAF045900D72768 /* MobileNetV3Package in Frameworks */ = {isa = PBXBuildFile; productRef = BFF64CCD2AAF045900D72768 /* MobileNetV3Package */; };
		BFF64CD02AB0478800D72768 /* IntroView.swift in Sources */ = {isa = PBXBuildFile; fileRef = BFF64CCF2AB0478800D72768 /* IntroView.swift */; };
/* End PBXBuildFile section */

/* Begin PBXFileReference section */
		BFECBF682AC9A4CA000F87E4 /* CyberpunkView.swift */ = {isa = PBXFileReference; lastKnownFileType = sourcecode.swift; path = CyberpunkView.swift; sourceTree = "<group>"; };
		BFF64CB62AAEFB0F00D72768 /* mobilenet-v3-app.app */ = {isa = PBXFileReference; explicitFileType = wrapper.application; includeInIndex = 0; path = "mobilenet-v3-app.app"; sourceTree = BUILT_PRODUCTS_DIR; };
		BFF64CB92AAEFB0F00D72768 /* mobilenet_v3_appApp.swift */ = {isa = PBXFileReference; lastKnownFileType = sourcecode.swift; path = mobilenet_v3_appApp.swift; sourceTree = "<group>"; };
		BFF64CBB2AAEFB0F00D72768 /* ContentView.swift */ = {isa = PBXFileReference; lastKnownFileType = sourcecode.swift; path = ContentView.swift; sourceTree = "<group>"; };
		BFF64CBD2AAEFB1100D72768 /* Assets.xcassets */ = {isa = PBXFileReference; lastKnownFileType = folder.assetcatalog; path = Assets.xcassets; sourceTree = "<group>"; };
		BFF64CC02AAEFB1100D72768 /* Preview Assets.xcassets */ = {isa = PBXFileReference; lastKnownFileType = folder.assetcatalog; path = "Preview Assets.xcassets"; sourceTree = "<group>"; };
		BFF64CC72AAEFF2300D72768 /* Camera.swift */ = {isa = PBXFileReference; lastKnownFileType = sourcecode.swift; path = Camera.swift; sourceTree = "<group>"; };
		BFF64CC92AAEFF8800D72768 /* Engine.swift */ = {isa = PBXFileReference; lastKnownFileType = sourcecode.swift; path = Engine.swift; sourceTree = "<group>"; };
		BFF64CCB2AAF003100D72768 /* Info.plist */ = {isa = PBXFileReference; lastKnownFileType = text.plist; path = Info.plist; sourceTree = "<group>"; };
		BFF64CCF2AB0478800D72768 /* IntroView.swift */ = {isa = PBXFileReference; lastKnownFileType = sourcecode.swift; path = IntroView.swift; sourceTree = "<group>"; };
/* End PBXFileReference section */

/* Begin PBXFrameworksBuildPhase section */
		BFF64CB32AAEFB0F00D72768 /* Frameworks */ = {
			isa = PBXFrameworksBuildPhase;
			buildActionMask = 2147483647;
			files = (
				BFF64CCE2AAF045900D72768 /* MobileNetV3Package in Frameworks */,
			);
			runOnlyForDeploymentPostprocessing = 0;
		};
/* End PBXFrameworksBuildPhase section */

/* Begin PBXGroup section */
		BFF64CAD2AAEFB0F00D72768 = {
			isa = PBXGroup;
			children = (
				BFF64CB82AAEFB0F00D72768 /* mobilenet-v3-app */,
				BFF64CB72AAEFB0F00D72768 /* Products */,
			);
			sourceTree = "<group>";
		};
		BFF64CB72AAEFB0F00D72768 /* Products */ = {
			isa = PBXGroup;
			children = (
				BFF64CB62AAEFB0F00D72768 /* mobilenet-v3-app.app */,
			);
			name = Products;
			sourceTree = "<group>";
		};
		BFF64CB82AAEFB0F00D72768 /* mobilenet-v3-app */ = {
			isa = PBXGroup;
			children = (
				BFF64CCB2AAF003100D72768 /* Info.plist */,
				BFF64CB92AAEFB0F00D72768 /* mobilenet_v3_appApp.swift */,
				BFF64CBB2AAEFB0F00D72768 /* ContentView.swift */,
				BFECBF682AC9A4CA000F87E4 /* CyberpunkView.swift */,
				BFF64CCF2AB0478800D72768 /* IntroView.swift */,
				BFF64CC72AAEFF2300D72768 /* Camera.swift */,
				BFF64CC92AAEFF8800D72768 /* Engine.swift */,
				BFF64CBD2AAEFB1100D72768 /* Assets.xcassets */,
				BFF64CBF2AAEFB1100D72768 /* Preview Content */,
			);
			path = "mobilenet-v3-app";
			sourceTree = "<group>";
		};
		BFF64CBF2AAEFB1100D72768 /* Preview Content */ = {
			isa = PBXGroup;
			children = (
				BFF64CC02AAEFB1100D72768 /* Preview Assets.xcassets */,
			);
			path = "Preview Content";
			sourceTree = "<group>";
		};
/* End PBXGroup section */

/* Begin PBXNativeTarget section */
		BFF64CB52AAEFB0F00D72768 /* mobilenet-v3-app */ = {
			isa = PBXNativeTarget;
			buildConfigurationList = BFF64CC42AAEFB1100D72768 /* Build configuration list for PBXNativeTarget "mobilenet-v3-app" */;
			buildPhases = (
				BFF64CB22AAEFB0F00D72768 /* Sources */,
				BFF64CB32AAEFB0F00D72768 /* Frameworks */,
				BFF64CB42AAEFB0F00D72768 /* Resources */,
			);
			buildRules = (
			);
			dependencies = (
			);
			name = "mobilenet-v3-app";
			packageProductDependencies = (
				BFF64CCD2AAF045900D72768 /* MobileNetV3Package */,
			);
			productName = "mobilenet-v3-app";
			productReference = BFF64CB62AAEFB0F00D72768 /* mobilenet-v3-app.app */;
			productType = "com.apple.product-type.application";
		};
/* End PBXNativeTarget section */

/* Begin PBXProject section */
		BFF64CAE2AAEFB0F00D72768 /* Project object */ = {
			isa = PBXProject;
			attributes = {
				BuildIndependentTargetsInParallel = 1;
				LastSwiftUpdateCheck = 1430;
				LastUpgradeCheck = 1430;
				TargetAttributes = {
					BFF64CB52AAEFB0F00D72768 = {
						CreatedOnToolsVersion = 14.3.1;
					};
				};
			};
			buildConfigurationList = BFF64CB12AAEFB0F00D72768 /* Build configuration list for PBXProject "mobilenet-v3-app" */;
			compatibilityVersion = "Xcode 14.0";
			developmentRegion = en;
			hasScannedForEncodings = 0;
			knownRegions = (
				en,
				Base,
			);
			mainGroup = BFF64CAD2AAEFB0F00D72768;
			packageReferences = (
				BFF64CCC2AAF045900D72768 /* XCRemoteSwiftPackageReference "mobilenet-v3-package" */,
			);
			productRefGroup = BFF64CB72AAEFB0F00D72768 /* Products */;
			projectDirPath = "";
			projectRoot = "";
			targets = (
				BFF64CB52AAEFB0F00D72768 /* mobilenet-v3-app */,
			);
		};
/* End PBXProject section */

/* Begin PBXResourcesBuildPhase section */
		BFF64CB42AAEFB0F00D72768 /* Resources */ = {
			isa = PBXResourcesBuildPhase;
			buildActionMask = 2147483647;
			files = (
				BFF64CC12AAEFB1100D72768 /* Preview Assets.xcassets in Resources */,
				BFF64CBE2AAEFB1100D72768 /* Assets.xcassets in Resources */,
			);
			runOnlyForDeploymentPostprocessing = 0;
		};
/* End PBXResourcesBuildPhase section */

/* Begin PBXSourcesBuildPhase section */
		BFF64CB22AAEFB0F00D72768 /* Sources */ = {
			isa = PBXSourcesBuildPhase;
			buildActionMask = 2147483647;
			files = (
				BFECBF692AC9A4CA000F87E4 /* CyberpunkView.swift in Sources */,
				BFF64CBC2AAEFB0F00D72768 /* ContentView.swift in Sources */,
				BFF64CCA2AAEFF8800D72768 /* Engine.swift in Sources */,
				BFF64CD02AB0478800D72768 /* IntroView.swift in Sources */,
				BFF64CBA2AAEFB0F00D72768 /* mobilenet_v3_appApp.swift in Sources */,
				BFF64CC82AAEFF2300D72768 /* Camera.swift in Sources */,
			);
			runOnlyForDeploymentPostprocessing = 0;
		};
/* End PBXSourcesBuildPhase section */

/* Begin XCBuildConfiguration section */
		BFF64CC22AAEFB1100D72768 /* Debug */ = {
			isa = XCBuildConfiguration;
			buildSettings = {
				ALWAYS_SEARCH_USER_PATHS = NO;
				CLANG_ANALYZER_NONNULL = YES;
				CLANG_ANALYZER_NUMBER_OBJECT_CONVERSION = YES_AGGRESSIVE;
				CLANG_CXX_LANGUAGE_STANDARD = "gnu++20";
				CLANG_ENABLE_MODULES = YES;
				CLANG_ENABLE_OBJC_ARC = YES;
				CLANG_ENABLE_OBJC_WEAK = YES;
				CLANG_WARN_BLOCK_CAPTURE_AUTORELEASING = YES;
				CLANG_WARN_BOOL_CONVERSION = YES;
				CLANG_WARN_COMMA = YES;
				CLANG_WARN_CONSTANT_CONVERSION = YES;
				CLANG_WARN_DEPRECATED_OBJC_IMPLEMENTATIONS = YES;
				CLANG_WARN_DIRECT_OBJC_ISA_USAGE = YES_ERROR;
				CLANG_WARN_DOCUMENTATION_COMMENTS = YES;
				CLANG_WARN_EMPTY_BODY = YES;
				CLANG_WARN_ENUM_CONVERSION = YES;
				CLANG_WARN_INFINITE_RECURSION = YES;
				CLANG_WARN_INT_CONVERSION = YES;
				CLANG_WARN_NON_LITERAL_NULL_CONVERSION = YES;
				CLANG_WARN_OBJC_IMPLICIT_RETAIN_SELF = YES;
				CLANG_WARN_OBJC_LITERAL_CONVERSION = YES;
				CLANG_WARN_OBJC_ROOT_CLASS = YES_ERROR;
				CLANG_WARN_QUOTED_INCLUDE_IN_FRAMEWORK_HEADER = YES;
				CLANG_WARN_RANGE_LOOP_ANALYSIS = YES;
				CLANG_WARN_STRICT_PROTOTYPES = YES;
				CLANG_WARN_SUSPICIOUS_MOVE = YES;
				CLANG_WARN_UNGUARDED_AVAILABILITY = YES_AGGRESSIVE;
				CLANG_WARN_UNREACHABLE_CODE = YES;
				CLANG_WARN__DUPLICATE_METHOD_MATCH = YES;
				COPY_PHASE_STRIP = NO;
				DEBUG_INFORMATION_FORMAT = dwarf;
				ENABLE_STRICT_OBJC_MSGSEND = YES;
				ENABLE_TESTABILITY = YES;
				GCC_C_LANGUAGE_STANDARD = gnu11;
				GCC_DYNAMIC_NO_PIC = NO;
				GCC_NO_COMMON_BLOCKS = YES;
				GCC_OPTIMIZATION_LEVEL = 0;
				GCC_PREPROCESSOR_DEFINITIONS = (
					"DEBUG=1",
					"$(inherited)",
				);
				GCC_WARN_64_TO_32_BIT_CONVERSION = YES;
				GCC_WARN_ABOUT_RETURN_TYPE = YES_ERROR;
				GCC_WARN_UNDECLARED_SELECTOR = YES;
				GCC_WARN_UNINITIALIZED_AUTOS = YES_AGGRESSIVE;
				GCC_WARN_UNUSED_FUNCTION = YES;
				GCC_WARN_UNUSED_VARIABLE = YES;
				IPHONEOS_DEPLOYMENT_TARGET = 16.4;
				MTL_ENABLE_DEBUG_INFO = INCLUDE_SOURCE;
				MTL_FAST_MATH = YES;
				ONLY_ACTIVE_ARCH = YES;
				SDKROOT = iphoneos;
				SWIFT_ACTIVE_COMPILATION_CONDITIONS = DEBUG;
				SWIFT_OPTIMIZATION_LEVEL = "-Onone";
			};
			name = Debug;
		};
		BFF64CC32AAEFB1100D72768 /* Release */ = {
			isa = XCBuildConfiguration;
			buildSettings = {
				ALWAYS_SEARCH_USER_PATHS = NO;
				CLANG_ANALYZER_NONNULL = YES;
				CLANG_ANALYZER_NUMBER_OBJECT_CONVERSION = YES_AGGRESSIVE;
				CLANG_CXX_LANGUAGE_STANDARD = "gnu++20";
				CLANG_ENABLE_MODULES = YES;
				CLANG_ENABLE_OBJC_ARC = YES;
				CLANG_ENABLE_OBJC_WEAK = YES;
				CLANG_WARN_BLOCK_CAPTURE_AUTORELEASING = YES;
				CLANG_WARN_BOOL_CONVERSION = YES;
				CLANG_WARN_COMMA = YES;
				CLANG_WARN_CONSTANT_CONVERSION = YES;
				CLANG_WARN_DEPRECATED_OBJC_IMPLEMENTATIONS = YES;
				CLANG_WARN_DIRECT_OBJC_ISA_USAGE = YES_ERROR;
				CLANG_WARN_DOCUMENTATION_COMMENTS = YES;
				CLANG_WARN_EMPTY_BODY = YES;
				CLANG_WARN_ENUM_CONVERSION = YES;
				CLANG_WARN_INFINITE_RECURSION = YES;
				CLANG_WARN_INT_CONVERSION = YES;
				CLANG_WARN_NON_LITERAL_NULL_CONVERSION = YES;
				CLANG_WARN_OBJC_IMPLICIT_RETAIN_SELF = YES;
				CLANG_WARN_OBJC_LITERAL_CONVERSION = YES;
				CLANG_WARN_OBJC_ROOT_CLASS = YES_ERROR;
				CLANG_WARN_QUOTED_INCLUDE_IN_FRAMEWORK_HEADER = YES;
				CLANG_WARN_RANGE_LOOP_ANALYSIS = YES;
				CLANG_WARN_STRICT_PROTOTYPES = YES;
				CLANG_WARN_SUSPICIOUS_MOVE = YES;
				CLANG_WARN_UNGUARDED_AVAILABILITY = YES_AGGRESSIVE;
				CLANG_WARN_UNREACHABLE_CODE = YES;
				CLANG_WARN__DUPLICATE_METHOD_MATCH = YES;
				COPY_PHASE_STRIP = NO;
				DEBUG_INFORMATION_FORMAT = "dwarf-with-dsym";
				ENABLE_NS_ASSERTIONS = NO;
				ENABLE_STRICT_OBJC_MSGSEND = YES;
				GCC_C_LANGUAGE_STANDARD = gnu11;
				GCC_NO_COMMON_BLOCKS = YES;
				GCC_WARN_64_TO_32_BIT_CONVERSION = YES;
				GCC_WARN_ABOUT_RETURN_TYPE = YES_ERROR;
				GCC_WARN_UNDECLARED_SELECTOR = YES;
				GCC_WARN_UNINITIALIZED_AUTOS = YES_AGGRESSIVE;
				GCC_WARN_UNUSED_FUNCTION = YES;
				GCC_WARN_UNUSED_VARIABLE = YES;
				IPHONEOS_DEPLOYMENT_TARGET = 16.4;
				MTL_ENABLE_DEBUG_INFO = NO;
				MTL_FAST_MATH = YES;
				SDKROOT = iphoneos;
				SWIFT_COMPILATION_MODE = wholemodule;
				SWIFT_OPTIMIZATION_LEVEL = "-O";
				VALIDATE_PRODUCT = YES;
			};
			name = Release;
		};
		BFF64CC52AAEFB1100D72768 /* Debug */ = {
			isa = XCBuildConfiguration;
			buildSettings = {
				ASSETCATALOG_COMPILER_APPICON_NAME = AppIcon;
				ASSETCATALOG_COMPILER_GLOBAL_ACCENT_COLOR_NAME = AccentColor;
				CODE_SIGN_STYLE = Automatic;
				CURRENT_PROJECT_VERSION = 2;
				DEVELOPMENT_ASSET_PATHS = "\"mobilenet-v3-app/Preview Content\"";
				DEVELOPMENT_TEAM = P6S89B4DCZ;
				ENABLE_PREVIEWS = YES;
				GENERATE_INFOPLIST_FILE = YES;
				INFOPLIST_FILE = "mobilenet-v3-app/Info.plist";
				INFOPLIST_KEY_CFBundleDisplayName = Marcel;
				INFOPLIST_KEY_LSApplicationCategoryType = "public.app-category.developer-tools";
				INFOPLIST_KEY_NSCameraUsageDescription = "Require the access to the camera to analyze the world";
				INFOPLIST_KEY_UIApplicationSceneManifest_Generation = YES;
				INFOPLIST_KEY_UIApplicationSupportsIndirectInputEvents = YES;
				INFOPLIST_KEY_UILaunchScreen_Generation = YES;
				INFOPLIST_KEY_UISupportedInterfaceOrientations = UIInterfaceOrientationPortrait;
				IPHONEOS_DEPLOYMENT_TARGET = 16.0;
				LD_RUNPATH_SEARCH_PATHS = (
					"$(inherited)",
					"@executable_path/Frameworks",
				);
				MARKETING_VERSION = 0.2;
				PRODUCT_BUNDLE_IDENTIFIER = "com.moustache.mobilenet-v3-app";
				PRODUCT_NAME = "$(TARGET_NAME)";
				SUPPORTED_PLATFORMS = "iphoneos iphonesimulator";
				SUPPORTS_MACCATALYST = NO;
				SUPPORTS_MAC_DESIGNED_FOR_IPHONE_IPAD = NO;
				SWIFT_EMIT_LOC_STRINGS = YES;
				SWIFT_VERSION = 5.0;
				TARGETED_DEVICE_FAMILY = 1;
			};
			name = Debug;
		};
		BFF64CC62AAEFB1100D72768 /* Release */ = {
			isa = XCBuildConfiguration;
			buildSettings = {
				ASSETCATALOG_COMPILER_APPICON_NAME = AppIcon;
				ASSETCATALOG_COMPILER_GLOBAL_ACCENT_COLOR_NAME = AccentColor;
				CODE_SIGN_STYLE = Automatic;
				CURRENT_PROJECT_VERSION = 2;
				DEVELOPMENT_ASSET_PATHS = "\"mobilenet-v3-app/Preview Content\"";
				DEVELOPMENT_TEAM = P6S89B4DCZ;
				ENABLE_PREVIEWS = YES;
				GENERATE_INFOPLIST_FILE = YES;
				INFOPLIST_FILE = "mobilenet-v3-app/Info.plist";
				INFOPLIST_KEY_CFBundleDisplayName = Marcel;
				INFOPLIST_KEY_LSApplicationCategoryType = "public.app-category.developer-tools";
				INFOPLIST_KEY_NSCameraUsageDescription = "Require the access to the camera to analyze the world";
				INFOPLIST_KEY_UIApplicationSceneManifest_Generation = YES;
				INFOPLIST_KEY_UIApplicationSupportsIndirectInputEvents = YES;
				INFOPLIST_KEY_UILaunchScreen_Generation = YES;
				INFOPLIST_KEY_UISupportedInterfaceOrientations = UIInterfaceOrientationPortrait;
				IPHONEOS_DEPLOYMENT_TARGET = 16.0;
				LD_RUNPATH_SEARCH_PATHS = (
					"$(inherited)",
					"@executable_path/Frameworks",
				);
				MARKETING_VERSION = 0.2;
				PRODUCT_BUNDLE_IDENTIFIER = "com.moustache.mobilenet-v3-app";
				PRODUCT_NAME = "$(TARGET_NAME)";
				SUPPORTED_PLATFORMS = "iphoneos iphonesimulator";
				SUPPORTS_MACCATALYST = NO;
				SUPPORTS_MAC_DESIGNED_FOR_IPHONE_IPAD = NO;
				SWIFT_EMIT_LOC_STRINGS = YES;
				SWIFT_VERSION = 5.0;
				TARGETED_DEVICE_FAMILY = 1;
			};
			name = Release;
		};
/* End XCBuildConfiguration section */

/* Begin XCConfigurationList section */
		BFF64CB12AAEFB0F00D72768 /* Build configuration list for PBXProject "mobilenet-v3-app" */ = {
			isa = XCConfigurationList;
			buildConfigurations = (
				BFF64CC22AAEFB1100D72768 /* Debug */,
				BFF64CC32AAEFB1100D72768 /* Release */,
			);
			defaultConfigurationIsVisible = 0;
			defaultConfigurationName = Release;
		};
		BFF64CC42AAEFB1100D72768 /* Build configuration list for PBXNativeTarget "mobilenet-v3-app" */ = {
			isa = XCConfigurationList;
			buildConfigurations = (
				BFF64CC52AAEFB1100D72768 /* Debug */,
				BFF64CC62AAEFB1100D72768 /* Release */,
			);
			defaultConfigurationIsVisible = 0;
			defaultConfigurationName = Release;
		};
/* End XCConfigurationList section */

/* Begin XCRemoteSwiftPackageReference section */
		BFF64CCC2AAF045900D72768 /* XCRemoteSwiftPackageReference "mobilenet-v3-package" */ = {
			isa = XCRemoteSwiftPackageReference;
			repositoryURL = "https://github.com/vincentfpgarcia/mobilenet-v3-package";
			requirement = {
				kind = upToNextMajorVersion;
				minimumVersion = 0.5.0;
			};
		};
/* End XCRemoteSwiftPackageReference section */

/* Begin XCSwiftPackageProductDependency section */
		BFF64CCD2AAF045900D72768 /* MobileNetV3Package */ = {
			isa = XCSwiftPackageProductDependency;
			package = BFF64CCC2AAF045900D72768 /* XCRemoteSwiftPackageReference "mobilenet-v3-package" */;
			productName = MobileNetV3Package;
		};
/* End XCSwiftPackageProductDependency section */
	};
	rootObject = BFF64CAE2AAEFB0F00D72768 /* Project object */;
}
